// !$*UTF8*$!
{
	archiveVersion = 1;
	classes = {
	};
	objectVersion = 46;
	objects = {

/* Begin PBXBuildFile section */
		818E98711BF661FF00D8157F /* AppDelegate.swift in Sources */ = {isa = PBXBuildFile; fileRef = 818E98701BF661FF00D8157F /* AppDelegate.swift */; };
		818E98761BF661FF00D8157F /* Main.storyboard in Resources */ = {isa = PBXBuildFile; fileRef = 818E98741BF661FF00D8157F /* Main.storyboard */; };
		818E98781BF661FF00D8157F /* Assets.xcassets in Resources */ = {isa = PBXBuildFile; fileRef = 818E98771BF661FF00D8157F /* Assets.xcassets */; };
		818E987B1BF661FF00D8157F /* LaunchScreen.storyboard in Resources */ = {isa = PBXBuildFile; fileRef = 818E98791BF661FF00D8157F /* LaunchScreen.storyboard */; };
		818E98841BF6A42500D8157F /* UpcomingViewController.swift in Sources */ = {isa = PBXBuildFile; fileRef = 818E98831BF6A42500D8157F /* UpcomingViewController.swift */; };
		818E98861BF6A43000D8157F /* HistoryViewController.swift in Sources */ = {isa = PBXBuildFile; fileRef = 818E98851BF6A43000D8157F /* HistoryViewController.swift */; };
		818E98881BF6A44000D8157F /* ComediansViewController.swift in Sources */ = {isa = PBXBuildFile; fileRef = 818E98871BF6A44000D8157F /* ComediansViewController.swift */; };
		818E988A1BF6A44800D8157F /* AccountViewController.swift in Sources */ = {isa = PBXBuildFile; fileRef = 818E98891BF6A44800D8157F /* AccountViewController.swift */; };
		818E988D1BF6AAE500D8157F /* ShowTableViewCell.swift in Sources */ = {isa = PBXBuildFile; fileRef = 818E988C1BF6AAE500D8157F /* ShowTableViewCell.swift */; };
		818E988F1BF6AAF500D8157F /* PastShowTableViewCell.swift in Sources */ = {isa = PBXBuildFile; fileRef = 818E988E1BF6AAF500D8157F /* PastShowTableViewCell.swift */; };
		818E98911BF6AAFE00D8157F /* ComedianTableViewCell.swift in Sources */ = {isa = PBXBuildFile; fileRef = 818E98901BF6AAFE00D8157F /* ComedianTableViewCell.swift */; };
		818E98931BF6AB0900D8157F /* SelectComedianTableViewCell.swift in Sources */ = {isa = PBXBuildFile; fileRef = 818E98921BF6AB0900D8157F /* SelectComedianTableViewCell.swift */; };
		818E98971BF9108C00D8157F /* AddShowViewController.swift in Sources */ = {isa = PBXBuildFile; fileRef = 818E98961BF9108C00D8157F /* AddShowViewController.swift */; };
		818E98B71BF925AB00D8157F /* AddComedianViewController.swift in Sources */ = {isa = PBXBuildFile; fileRef = 818E98B61BF925AB00D8157F /* AddComedianViewController.swift */; };
/* End PBXBuildFile section */

/* Begin PBXFileReference section */
		818E986D1BF661FE00D8157F /* ShowPlanner.app */ = {isa = PBXFileReference; explicitFileType = wrapper.application; includeInIndex = 0; path = ShowPlanner.app; sourceTree = BUILT_PRODUCTS_DIR; };
		818E98701BF661FF00D8157F /* AppDelegate.swift */ = {isa = PBXFileReference; lastKnownFileType = sourcecode.swift; path = AppDelegate.swift; sourceTree = "<group>"; };
		818E98751BF661FF00D8157F /* Base */ = {isa = PBXFileReference; lastKnownFileType = file.storyboard; name = Base; path = Base.lproj/Main.storyboard; sourceTree = "<group>"; };
		818E98771BF661FF00D8157F /* Assets.xcassets */ = {isa = PBXFileReference; lastKnownFileType = folder.assetcatalog; path = Assets.xcassets; sourceTree = "<group>"; };
		818E987A1BF661FF00D8157F /* Base */ = {isa = PBXFileReference; lastKnownFileType = file.storyboard; name = Base; path = Base.lproj/LaunchScreen.storyboard; sourceTree = "<group>"; };
		818E987C1BF661FF00D8157F /* Info.plist */ = {isa = PBXFileReference; lastKnownFileType = text.plist.xml; path = Info.plist; sourceTree = "<group>"; };
		818E98831BF6A42500D8157F /* UpcomingViewController.swift */ = {isa = PBXFileReference; fileEncoding = 4; lastKnownFileType = sourcecode.swift; path = UpcomingViewController.swift; sourceTree = "<group>"; };
		818E98851BF6A43000D8157F /* HistoryViewController.swift */ = {isa = PBXFileReference; fileEncoding = 4; lastKnownFileType = sourcecode.swift; path = HistoryViewController.swift; sourceTree = "<group>"; };
		818E98871BF6A44000D8157F /* ComediansViewController.swift */ = {isa = PBXFileReference; fileEncoding = 4; lastKnownFileType = sourcecode.swift; path = ComediansViewController.swift; sourceTree = "<group>"; };
		818E98891BF6A44800D8157F /* AccountViewController.swift */ = {isa = PBXFileReference; fileEncoding = 4; lastKnownFileType = sourcecode.swift; path = AccountViewController.swift; sourceTree = "<group>"; };
		818E988C1BF6AAE500D8157F /* ShowTableViewCell.swift */ = {isa = PBXFileReference; fileEncoding = 4; lastKnownFileType = sourcecode.swift; path = ShowTableViewCell.swift; sourceTree = "<group>"; };
		818E988E1BF6AAF500D8157F /* PastShowTableViewCell.swift */ = {isa = PBXFileReference; fileEncoding = 4; lastKnownFileType = sourcecode.swift; path = PastShowTableViewCell.swift; sourceTree = "<group>"; };
		818E98901BF6AAFE00D8157F /* ComedianTableViewCell.swift */ = {isa = PBXFileReference; fileEncoding = 4; lastKnownFileType = sourcecode.swift; path = ComedianTableViewCell.swift; sourceTree = "<group>"; };
		818E98921BF6AB0900D8157F /* SelectComedianTableViewCell.swift */ = {isa = PBXFileReference; fileEncoding = 4; lastKnownFileType = sourcecode.swift; path = SelectComedianTableViewCell.swift; sourceTree = "<group>"; };
		818E98961BF9108C00D8157F /* AddShowViewController.swift */ = {isa = PBXFileReference; fileEncoding = 4; lastKnownFileType = sourcecode.swift; path = AddShowViewController.swift; sourceTree = "<group>"; };
		818E98B61BF925AB00D8157F /* AddComedianViewController.swift */ = {isa = PBXFileReference; fileEncoding = 4; lastKnownFileType = sourcecode.swift; path = AddComedianViewController.swift; sourceTree = "<group>"; };
/* End PBXFileReference section */

/* Begin PBXFrameworksBuildPhase section */
		818E986A1BF661FE00D8157F /* Frameworks */ = {
			isa = PBXFrameworksBuildPhase;
			buildActionMask = 2147483647;
			files = (
			);
			runOnlyForDeploymentPostprocessing = 0;
		};
/* End PBXFrameworksBuildPhase section */

/* Begin PBXGroup section */
		818E98641BF661FE00D8157F = {
			isa = PBXGroup;
			children = (
				818E986F1BF661FE00D8157F /* ShowPlanner */,
				818E986E1BF661FE00D8157F /* Products */,
			);
			sourceTree = "<group>";
		};
		818E986E1BF661FE00D8157F /* Products */ = {
			isa = PBXGroup;
			children = (
				818E986D1BF661FE00D8157F /* ShowPlanner.app */,
			);
			name = Products;
			sourceTree = "<group>";
		};
		818E986F1BF661FE00D8157F /* ShowPlanner */ = {
			isa = PBXGroup;
			children = (
				818E988B1BF6AAA700D8157F /* Views */,
				818E98821BF6A40100D8157F /* ViewControllers */,
				818E98701BF661FF00D8157F /* AppDelegate.swift */,
				818E98741BF661FF00D8157F /* Main.storyboard */,
				818E98771BF661FF00D8157F /* Assets.xcassets */,
				818E98791BF661FF00D8157F /* LaunchScreen.storyboard */,
				818E987C1BF661FF00D8157F /* Info.plist */,
			);
			path = ShowPlanner;
			sourceTree = "<group>";
		};
		818E98821BF6A40100D8157F /* ViewControllers */ = {
			isa = PBXGroup;
			children = (
				818E98831BF6A42500D8157F /* UpcomingViewController.swift */,
				818E98851BF6A43000D8157F /* HistoryViewController.swift */,
				818E98871BF6A44000D8157F /* ComediansViewController.swift */,
				818E98891BF6A44800D8157F /* AccountViewController.swift */,
				818E98961BF9108C00D8157F /* AddShowViewController.swift */,
				818E98B61BF925AB00D8157F /* AddComedianViewController.swift */,
			);
			path = ViewControllers;
			sourceTree = "<group>";
		};
		818E988B1BF6AAA700D8157F /* Views */ = {
			isa = PBXGroup;
			children = (
				818E988C1BF6AAE500D8157F /* ShowTableViewCell.swift */,
				818E988E1BF6AAF500D8157F /* PastShowTableViewCell.swift */,
				818E98901BF6AAFE00D8157F /* ComedianTableViewCell.swift */,
				818E98921BF6AB0900D8157F /* SelectComedianTableViewCell.swift */,
			);
			path = Views;
			sourceTree = "<group>";
		};
/* End PBXGroup section */

/* Begin PBXNativeTarget section */
		818E986C1BF661FE00D8157F /* ShowPlanner */ = {
			isa = PBXNativeTarget;
			buildConfigurationList = 818E987F1BF661FF00D8157F /* Build configuration list for PBXNativeTarget "ShowPlanner" */;
			buildPhases = (
				818E98691BF661FE00D8157F /* Sources */,
				818E986A1BF661FE00D8157F /* Frameworks */,
				818E986B1BF661FE00D8157F /* Resources */,
			);
			buildRules = (
			);
			dependencies = (
			);
			name = ShowPlanner;
			productName = ShowPlanner;
			productReference = 818E986D1BF661FE00D8157F /* ShowPlanner.app */;
			productType = "com.apple.product-type.application";
		};
/* End PBXNativeTarget section */

/* Begin PBXProject section */
		818E98651BF661FE00D8157F /* Project object */ = {
			isa = PBXProject;
			attributes = {
				LastSwiftUpdateCheck = 0710;
				LastUpgradeCheck = 0710;
				ORGANIZATIONNAME = "Leslie Kim";
				TargetAttributes = {
					818E986C1BF661FE00D8157F = {
						CreatedOnToolsVersion = 7.1.1;
						DevelopmentTeam = 4EYTWSQE79;
					};
				};
			};
			buildConfigurationList = 818E98681BF661FE00D8157F /* Build configuration list for PBXProject "ShowPlanner" */;
			compatibilityVersion = "Xcode 3.2";
			developmentRegion = English;
			hasScannedForEncodings = 0;
			knownRegions = (
				en,
				Base,
			);
			mainGroup = 818E98641BF661FE00D8157F;
			productRefGroup = 818E986E1BF661FE00D8157F /* Products */;
			projectDirPath = "";
			projectRoot = "";
			targets = (
				818E986C1BF661FE00D8157F /* ShowPlanner */,
			);
		};
/* End PBXProject section */

/* Begin PBXResourcesBuildPhase section */
		818E986B1BF661FE00D8157F /* Resources */ = {
			isa = PBXResourcesBuildPhase;
			buildActionMask = 2147483647;
			files = (
				818E987B1BF661FF00D8157F /* LaunchScreen.storyboard in Resources */,
				818E98781BF661FF00D8157F /* Assets.xcassets in Resources */,
				818E98761BF661FF00D8157F /* Main.storyboard in Resources */,
			);
			runOnlyForDeploymentPostprocessing = 0;
		};
/* End PBXResourcesBuildPhase section */

/* Begin PBXSourcesBuildPhase section */
		818E98691BF661FE00D8157F /* Sources */ = {
			isa = PBXSourcesBuildPhase;
			buildActionMask = 2147483647;
			files = (
				818E988D1BF6AAE500D8157F /* ShowTableViewCell.swift in Sources */,
				818E98911BF6AAFE00D8157F /* ComedianTableViewCell.swift in Sources */,
				818E98861BF6A43000D8157F /* HistoryViewController.swift in Sources */,
				818E988F1BF6AAF500D8157F /* PastShowTableViewCell.swift in Sources */,
				818E988A1BF6A44800D8157F /* AccountViewController.swift in Sources */,
				818E98B71BF925AB00D8157F /* AddComedianViewController.swift in Sources */,
				818E98931BF6AB0900D8157F /* SelectComedianTableViewCell.swift in Sources */,
				818E98841BF6A42500D8157F /* UpcomingViewController.swift in Sources */,
				818E98971BF9108C00D8157F /* AddShowViewController.swift in Sources */,
				818E98881BF6A44000D8157F /* ComediansViewController.swift in Sources */,
				818E98711BF661FF00D8157F /* AppDelegate.swift in Sources */,
			);
			runOnlyForDeploymentPostprocessing = 0;
		};
/* End PBXSourcesBuildPhase section */

/* Begin PBXVariantGroup section */
		818E98741BF661FF00D8157F /* Main.storyboard */ = {
			isa = PBXVariantGroup;
			children = (
				818E98751BF661FF00D8157F /* Base */,
			);
			name = Main.storyboard;
			sourceTree = "<group>";
		};
		818E98791BF661FF00D8157F /* LaunchScreen.storyboard */ = {
			isa = PBXVariantGroup;
			children = (
				818E987A1BF661FF00D8157F /* Base */,
			);
			name = LaunchScreen.storyboard;
			sourceTree = "<group>";
		};
/* End PBXVariantGroup section */

/* Begin XCBuildConfiguration section */
		818E987D1BF661FF00D8157F /* Debug */ = {
			isa = XCBuildConfiguration;
			buildSettings = {
				ALWAYS_SEARCH_USER_PATHS = NO;
				CLANG_CXX_LANGUAGE_STANDARD = "gnu++0x";
				CLANG_CXX_LIBRARY = "libc++";
				CLANG_ENABLE_MODULES = YES;
				CLANG_ENABLE_OBJC_ARC = YES;
				CLANG_WARN_BOOL_CONVERSION = YES;
				CLANG_WARN_CONSTANT_CONVERSION = YES;
				CLANG_WARN_DIRECT_OBJC_ISA_USAGE = YES_ERROR;
				CLANG_WARN_EMPTY_BODY = YES;
				CLANG_WARN_ENUM_CONVERSION = YES;
				CLANG_WARN_INT_CONVERSION = YES;
				CLANG_WARN_OBJC_ROOT_CLASS = YES_ERROR;
				CLANG_WARN_UNREACHABLE_CODE = YES;
				CLANG_WARN__DUPLICATE_METHOD_MATCH = YES;
				"CODE_SIGN_IDENTITY[sdk=iphoneos*]" = "iPhone Developer";
				COPY_PHASE_STRIP = NO;
				DEBUG_INFORMATION_FORMAT = dwarf;
				ENABLE_STRICT_OBJC_MSGSEND = YES;
				ENABLE_TESTABILITY = YES;
				GCC_C_LANGUAGE_STANDARD = gnu99;
				GCC_DYNAMIC_NO_PIC = NO;
				GCC_NO_COMMON_BLOCKS = YES;
				GCC_OPTIMIZATION_LEVEL = 0;
				GCC_PREPROCESSOR_DEFINITIONS = (
					"DEBUG=1",
					"$(inherited)",
				);
				GCC_WARN_64_TO_32_BIT_CONVERSION = YES;
				GCC_WARN_ABOUT_RETURN_TYPE = YES_ERROR;
				GCC_WARN_UNDECLARED_SELECTOR = YES;
				GCC_WARN_UNINITIALIZED_AUTOS = YES_AGGRESSIVE;
				GCC_WARN_UNUSED_FUNCTION = YES;
				GCC_WARN_UNUSED_VARIABLE = YES;
				IPHONEOS_DEPLOYMENT_TARGET = 9.1;
				MTL_ENABLE_DEBUG_INFO = YES;
				ONLY_ACTIVE_ARCH = YES;
				SDKROOT = iphoneos;
				SWIFT_OPTIMIZATION_LEVEL = "-Onone";
				TARGETED_DEVICE_FAMILY = "1,2";
			};
			name = Debug;
		};
		818E987E1BF661FF00D8157F /* Release */ = {
			isa = XCBuildConfiguration;
			buildSettings = {
				ALWAYS_SEARCH_USER_PATHS = NO;
				CLANG_CXX_LANGUAGE_STANDARD = "gnu++0x";
				CLANG_CXX_LIBRARY = "libc++";
				CLANG_ENABLE_MODULES = YES;
				CLANG_ENABLE_OBJC_ARC = YES;
				CLANG_WARN_BOOL_CONVERSION = YES;
				CLANG_WARN_CONSTANT_CONVERSION = YES;
				CLANG_WARN_DIRECT_OBJC_ISA_USAGE = YES_ERROR;
				CLANG_WARN_EMPTY_BODY = YES;
				CLANG_WARN_ENUM_CONVERSION = YES;
				CLANG_WARN_INT_CONVERSION = YES;
				CLANG_WARN_OBJC_ROOT_CLASS = YES_ERROR;
				CLANG_WARN_UNREACHABLE_CODE = YES;
				CLANG_WARN__DUPLICATE_METHOD_MATCH = YES;
				"CODE_SIGN_IDENTITY[sdk=iphoneos*]" = "iPhone Developer";
				COPY_PHASE_STRIP = NO;
				DEBUG_INFORMATION_FORMAT = "dwarf-with-dsym";
				ENABLE_NS_ASSERTIONS = NO;
				ENABLE_STRICT_OBJC_MSGSEND = YES;
				GCC_C_LANGUAGE_STANDARD = gnu99;
				GCC_NO_COMMON_BLOCKS = YES;
				GCC_WARN_64_TO_32_BIT_CONVERSION = YES;
				GCC_WARN_ABOUT_RETURN_TYPE = YES_ERROR;
				GCC_WARN_UNDECLARED_SELECTOR = YES;
				GCC_WARN_UNINITIALIZED_AUTOS = YES_AGGRESSIVE;
				GCC_WARN_UNUSED_FUNCTION = YES;
				GCC_WARN_UNUSED_VARIABLE = YES;
				IPHONEOS_DEPLOYMENT_TARGET = 9.1;
				MTL_ENABLE_DEBUG_INFO = NO;
				SDKROOT = iphoneos;
				TARGETED_DEVICE_FAMILY = "1,2";
				VALIDATE_PRODUCT = YES;
			};
			name = Release;
		};
		818E98801BF661FF00D8157F /* Debug */ = {
			isa = XCBuildConfiguration;
			buildSettings = {
				ASSETCATALOG_COMPILER_APPICON_NAME = AppIcon;
				INFOPLIST_FILE = ShowPlanner/Info.plist;
				LD_RUNPATH_SEARCH_PATHS = "$(inherited) @executable_path/Frameworks";
				PRODUCT_BUNDLE_IDENTIFIER = com.lesliekimm.ShowPlanner;
				PRODUCT_NAME = "$(TARGET_NAME)";
			};
			name = Debug;
		};
		818E98811BF661FF00D8157F /* Release */ = {
			isa = XCBuildConfiguration;
			buildSettings = {
				ASSETCATALOG_COMPILER_APPICON_NAME = AppIcon;
				INFOPLIST_FILE = ShowPlanner/Info.plist;
				LD_RUNPATH_SEARCH_PATHS = "$(inherited) @executable_path/Frameworks";
				PRODUCT_BUNDLE_IDENTIFIER = com.lesliekimm.ShowPlanner;
				PRODUCT_NAME = "$(TARGET_NAME)";
			};
			name = Release;
		};
/* End XCBuildConfiguration section */

/* Begin XCConfigurationList section */
		818E98681BF661FE00D8157F /* Build configuration list for PBXProject "ShowPlanner" */ = {
			isa = XCConfigurationList;
			buildConfigurations = (
				818E987D1BF661FF00D8157F /* Debug */,
				818E987E1BF661FF00D8157F /* Release */,
			);
			defaultConfigurationIsVisible = 0;
			defaultConfigurationName = Release;
		};
		818E987F1BF661FF00D8157F /* Build configuration list for PBXNativeTarget "ShowPlanner" */ = {
			isa = XCConfigurationList;
			buildConfigurations = (
				818E98801BF661FF00D8157F /* Debug */,
				818E98811BF661FF00D8157F /* Release */,
			);
			defaultConfigurationIsVisible = 0;
		};
/* End XCConfigurationList section */
	};
	rootObject = 818E98651BF661FE00D8157F /* Project object */;
}
